
Microsoft Visual Studio Solution File, Format Version 12.00
# Visual Studio Version 17
VisualStudioVersion = 17.0.32014.148
MinimumVisualStudioVersion = 10.0.40219.1
Project("{FAE04EC0-301F-11D3-BF4B-00C04F79EFBC}") = "DorcasClub", "DorcasClub\DorcasClub.csproj", "{623977A0-B7F6-4A5F-822F-960042D722D7}"
EndProject
Global
	GlobalSection(SolutionConfigurationPlatforms) = preSolution
		Debug|Any CPU = Debug|Any CPU
		Release|Any CPU = Release|Any CPU
	EndGlobalSection
	GlobalSection(ProjectConfigurationPlatforms) = postSolution
		{623977A0-B7F6-4A5F-822F-960042D722D7}.Debug|Any CPU.ActiveCfg = Debug|Any CPU
		{623977A0-B7F6-4A5F-822F-960042D722D7}.Debug|Any CPU.Build.0 = Debug|Any CPU
		{623977A0-B7F6-4A5F-822F-960042D722D7}.Release|Any CPU.ActiveCfg = Release|Any CPU
		{623977A0-B7F6-4A5F-822F-960042D722D7}.Release|Any CPU.Build.0 = Release|Any CPU
	EndGlobalSection
	GlobalSection(SolutionProperties) = preSolution
		HideSolutionNode = FALSE
	EndGlobalSection
	GlobalSection(ExtensibilityGlobals) = postSolution
		SolutionGuid = {7951F4A4-6528-4B5F-AC46-37919E1B7ED3}
	EndGlobalSection
EndGlobal
